
Microsoft Visual Studio Solution File, Format Version 12.00
# Visual Studio Version 16
VisualStudioVersion = 16.0.30907.101
MinimumVisualStudioVersion = 10.0.40219.1
Project("{FAE04EC0-301F-11D3-BF4B-00C04F79EFBC}") = "Csharp_2021_Mitarbeiterverwaltung", "Csharp_2021_Mitarbeiterverwaltung\Csharp_2021_Mitarbeiterverwaltung.csproj", "{05DBBBD1-CA5D-4663-8A69-40E9C9B8701D}"
EndProject
Global
	GlobalSection(SolutionConfigurationPlatforms) = preSolution
		Debug|Any CPU = Debug|Any CPU
		Release|Any CPU = Release|Any CPU
	EndGlobalSection
	GlobalSection(ProjectConfigurationPlatforms) = postSolution
		{05DBBBD1-CA5D-4663-8A69-40E9C9B8701D}.Debug|Any CPU.ActiveCfg = Debug|Any CPU
		{05DBBBD1-CA5D-4663-8A69-40E9C9B8701D}.Debug|Any CPU.Build.0 = Debug|Any CPU
		{05DBBBD1-CA5D-4663-8A69-40E9C9B8701D}.Release|Any CPU.ActiveCfg = Release|Any CPU
		{05DBBBD1-CA5D-4663-8A69-40E9C9B8701D}.Release|Any CPU.Build.0 = Release|Any CPU
	EndGlobalSection
	GlobalSection(SolutionProperties) = preSolution
		HideSolutionNode = FALSE
	EndGlobalSection
	GlobalSection(ExtensibilityGlobals) = postSolution
		SolutionGuid = {DD224573-B101-434D-8213-4D7C198ACA16}
	EndGlobalSection
EndGlobal
